
Microsoft Visual Studio Solution File, Format Version 12.00
# Visual Studio Version 17
VisualStudioVersion = 17.8.34322.80
MinimumVisualStudioVersion = 10.0.40219.1
Project("{FAE04EC0-301F-11D3-BF4B-00C04F79EFBC}") = "NoteTakingApp", "NoteTakingApp\NoteTakingApp.csproj", "{80FDFEFD-F062-4DC5-8249-0E780BAD48F9}"
EndProject
Global
	GlobalSection(SolutionConfigurationPlatforms) = preSolution
		Debug|Any CPU = Debug|Any CPU
		Release|Any CPU = Release|Any CPU
	EndGlobalSection
	GlobalSection(ProjectConfigurationPlatforms) = postSolution
		{80FDFEFD-F062-4DC5-8249-0E780BAD48F9}.Debug|Any CPU.ActiveCfg = Debug|Any CPU
		{80FDFEFD-F062-4DC5-8249-0E780BAD48F9}.Debug|Any CPU.Build.0 = Debug|Any CPU
		{80FDFEFD-F062-4DC5-8249-0E780BAD48F9}.Release|Any CPU.ActiveCfg = Release|Any CPU
		{80FDFEFD-F062-4DC5-8249-0E780BAD48F9}.Release|Any CPU.Build.0 = Release|Any CPU
	EndGlobalSection
	GlobalSection(SolutionProperties) = preSolution
		HideSolutionNode = FALSE
	EndGlobalSection
	GlobalSection(ExtensibilityGlobals) = postSolution
		SolutionGuid = {8169D5D8-0A5A-4EF3-BA50-945586195D34}
	EndGlobalSection
EndGlobal
